
Microsoft Visual Studio Solution File, Format Version 12.00
# Visual Studio Version 16
VisualStudioVersion = 16.0.30517.126
MinimumVisualStudioVersion = 10.0.40219.1
Project("{FAE04EC0-301F-11D3-BF4B-00C04F79EFBC}") = "MappingInterfaceToViewModel", "Automapper\MappingInterfaceToViewModel.csproj", "{4331CFD1-63B3-46DC-8EEF-0764B311BDB9}"
EndProject
Global
	GlobalSection(SolutionConfigurationPlatforms) = preSolution
		Debug|Any CPU = Debug|Any CPU
		Release|Any CPU = Release|Any CPU
	EndGlobalSection
	GlobalSection(ProjectConfigurationPlatforms) = postSolution
		{4331CFD1-63B3-46DC-8EEF-0764B311BDB9}.Debug|Any CPU.ActiveCfg = Debug|Any CPU
		{4331CFD1-63B3-46DC-8EEF-0764B311BDB9}.Debug|Any CPU.Build.0 = Debug|Any CPU
		{4331CFD1-63B3-46DC-8EEF-0764B311BDB9}.Release|Any CPU.ActiveCfg = Release|Any CPU
		{4331CFD1-63B3-46DC-8EEF-0764B311BDB9}.Release|Any CPU.Build.0 = Release|Any CPU
	EndGlobalSection
	GlobalSection(SolutionProperties) = preSolution
		HideSolutionNode = FALSE
	EndGlobalSection
	GlobalSection(ExtensibilityGlobals) = postSolution
		SolutionGuid = {21A0D303-D453-4C45-BCE6-18B3338F1E5A}
	EndGlobalSection
EndGlobal
